
Microsoft Visual Studio Solution File, Format Version 12.00
# Visual Studio Version 17
VisualStudioVersion = 17.6.33717.318
MinimumVisualStudioVersion = 10.0.40219.1
Project("{9A19103F-16F7-4668-BE54-9A1E7A4F7556}") = "DDL4F8_HFT_2022232", "DDL4F8_HFT_2022232\DDL4F8_HFT_2022232.csproj", "{FE20E4E0-D5C2-435C-BDF6-EA21C64D5E24}"
EndProject
Project("{9A19103F-16F7-4668-BE54-9A1E7A4F7556}") = "DDL4F8_HFT_2022232.Logic", "DDL4F8_HFT_2022232.Logic\DDL4F8_HFT_2022232.Logic.csproj", "{60FF0A40-D4CF-4C21-9694-37FF220FCFA0}"
EndProject
Project("{9A19103F-16F7-4668-BE54-9A1E7A4F7556}") = "DDL4F8_HFT_2022232.Repository", "DDL4F8_HFT_2022232.Repository\DDL4F8_HFT_2022232.Repository.csproj", "{F8DF84B4-CBFD-4C78-A77E-4E45971A7578}"
EndProject
Project("{9A19103F-16F7-4668-BE54-9A1E7A4F7556}") = "DDL4F8_HFT_2022232.Test", "DDL4F8_HFT_2022232.Test\DDL4F8_HFT_2022232.Test.csproj", "{73030412-8B49-4EC8-81B9-478CF4193307}"
EndProject
Project("{9A19103F-16F7-4668-BE54-9A1E7A4F7556}") = "DDL4F8_HFT_2022232.Endpoint", "DDL4F8_HFT_2022232.Endpoint\DDL4F8_HFT_2022232.Endpoint.csproj", "{95379449-D5B0-4663-8F24-C18BB34454C7}"
EndProject
Project("{2150E333-8FDC-42A3-9474-1A3956D46DE8}") = "Backend", "Backend", "{F597CDE0-BD84-4686-BDDA-645437EE9B2C}"
EndProject
Project("{2150E333-8FDC-42A3-9474-1A3956D46DE8}") = "Frontend", "Frontend", "{110F3BBE-257B-49D1-8D27-DBBDA893078F}"
EndProject
Project("{2150E333-8FDC-42A3-9474-1A3956D46DE8}") = "Shared", "Shared", "{F7FF3115-F7E3-4DA8-9E64-4BCD0665D419}"
EndProject
Project("{9A19103F-16F7-4668-BE54-9A1E7A4F7556}") = "DDL4F8_HFT_2022232.Models", "DDL4F8_HFT_2022232.Models\DDL4F8_HFT_2022232.Models.csproj", "{8CF146DC-70E0-463E-A0F5-9797997E7625}"
EndProject
Project("{2150E333-8FDC-42A3-9474-1A3956D46DE8}") = "Other", "Other", "{848FFC09-69CF-4FCA-A717-A82DC80CC9AE}"
EndProject
Global
	GlobalSection(SolutionConfigurationPlatforms) = preSolution
		Debug|Any CPU = Debug|Any CPU
		Release|Any CPU = Release|Any CPU
	EndGlobalSection
	GlobalSection(ProjectConfigurationPlatforms) = postSolution
		{FE20E4E0-D5C2-435C-BDF6-EA21C64D5E24}.Debug|Any CPU.ActiveCfg = Debug|Any CPU
		{FE20E4E0-D5C2-435C-BDF6-EA21C64D5E24}.Debug|Any CPU.Build.0 = Debug|Any CPU
		{FE20E4E0-D5C2-435C-BDF6-EA21C64D5E24}.Release|Any CPU.ActiveCfg = Release|Any CPU
		{FE20E4E0-D5C2-435C-BDF6-EA21C64D5E24}.Release|Any CPU.Build.0 = Release|Any CPU
		{60FF0A40-D4CF-4C21-9694-37FF220FCFA0}.Debug|Any CPU.ActiveCfg = Debug|Any CPU
		{60FF0A40-D4CF-4C21-9694-37FF220FCFA0}.Debug|Any CPU.Build.0 = Debug|Any CPU
		{60FF0A40-D4CF-4C21-9694-37FF220FCFA0}.Release|Any CPU.ActiveCfg = Release|Any CPU
		{60FF0A40-D4CF-4C21-9694-37FF220FCFA0}.Release|Any CPU.Build.0 = Release|Any CPU
		{F8DF84B4-CBFD-4C78-A77E-4E45971A7578}.Debug|Any CPU.ActiveCfg = Debug|Any CPU
		{F8DF84B4-CBFD-4C78-A77E-4E45971A7578}.Debug|Any CPU.Build.0 = Debug|Any CPU
		{F8DF84B4-CBFD-4C78-A77E-4E45971A7578}.Release|Any CPU.ActiveCfg = Release|Any CPU
		{F8DF84B4-CBFD-4C78-A77E-4E45971A7578}.Release|Any CPU.Build.0 = Release|Any CPU
		{73030412-8B49-4EC8-81B9-478CF4193307}.Debug|Any CPU.ActiveCfg = Debug|Any CPU
		{73030412-8B49-4EC8-81B9-478CF4193307}.Debug|Any CPU.Build.0 = Debug|Any CPU
		{73030412-8B49-4EC8-81B9-478CF4193307}.Release|Any CPU.ActiveCfg = Release|Any CPU
		{73030412-8B49-4EC8-81B9-478CF4193307}.Release|Any CPU.Build.0 = Release|Any CPU
		{95379449-D5B0-4663-8F24-C18BB34454C7}.Debug|Any CPU.ActiveCfg = Debug|Any CPU
		{95379449-D5B0-4663-8F24-C18BB34454C7}.Debug|Any CPU.Build.0 = Debug|Any CPU
		{95379449-D5B0-4663-8F24-C18BB34454C7}.Release|Any CPU.ActiveCfg = Release|Any CPU
		{95379449-D5B0-4663-8F24-C18BB34454C7}.Release|Any CPU.Build.0 = Release|Any CPU
		{8CF146DC-70E0-463E-A0F5-9797997E7625}.Debug|Any CPU.ActiveCfg = Debug|Any CPU
		{8CF146DC-70E0-463E-A0F5-9797997E7625}.Debug|Any CPU.Build.0 = Debug|Any CPU
		{8CF146DC-70E0-463E-A0F5-9797997E7625}.Release|Any CPU.ActiveCfg = Release|Any CPU
		{8CF146DC-70E0-463E-A0F5-9797997E7625}.Release|Any CPU.Build.0 = Release|Any CPU
	EndGlobalSection
	GlobalSection(SolutionProperties) = preSolution
		HideSolutionNode = FALSE
	EndGlobalSection
	GlobalSection(NestedProjects) = preSolution
		{FE20E4E0-D5C2-435C-BDF6-EA21C64D5E24} = {110F3BBE-257B-49D1-8D27-DBBDA893078F}
		{60FF0A40-D4CF-4C21-9694-37FF220FCFA0} = {F597CDE0-BD84-4686-BDDA-645437EE9B2C}
		{F8DF84B4-CBFD-4C78-A77E-4E45971A7578} = {F597CDE0-BD84-4686-BDDA-645437EE9B2C}
		{73030412-8B49-4EC8-81B9-478CF4193307} = {F597CDE0-BD84-4686-BDDA-645437EE9B2C}
		{95379449-D5B0-4663-8F24-C18BB34454C7} = {F597CDE0-BD84-4686-BDDA-645437EE9B2C}
		{8CF146DC-70E0-463E-A0F5-9797997E7625} = {F7FF3115-F7E3-4DA8-9E64-4BCD0665D419}
	EndGlobalSection
	GlobalSection(ExtensibilityGlobals) = postSolution
		SolutionGuid = {DFB119C2-A994-413E-88FC-3931EF731812}
	EndGlobalSection
EndGlobal
